PODS:
  - Alamofire (5.2.2)
  - DropDown (2.3.13)
  - lottie-ios (4.5.1)
  - Segmentio (4.1)

DEPENDENCIES:
  - Alamofire (~> 5.2.2)
  - DropDown
  - lottie-ios (~> 4.5.1)
  - Segmentio

SPEC REPOS:
  trunk:
    - Alamofire
    - DropDown
    - lottie-ios
    - Segmentio

SPEC CHECKSUMS:
  Alamofire: 814429acc853c6c54ff123fc3d2ef66803823ce0
  DropDown: 8a2116376c1981888557f72ec2ffc9a5e0e456ec
  lottie-ios: 248b380fa1b97d18e792c37d90da7ab2aa0d6562
  Segmentio: ab29def64e1bff6e6e9b97671788a99bed3f1d9f

PODFILE CHECKSUM: 486f82e22d33163bb168967876b8ae31b406a730

COCOAPODS: 1.16.2
