PODS:
  - Alamofire (5.2.2)
  - DropDown (2.3.13)
  - RangeSeekSlider (1.8.0)
  - Segmentio (4.1)

DEPENDENCIES:
  - Alamofire (~> 5.2.2)
  - DropDown
  - RangeSeekSlider
  - Segmentio

SPEC REPOS:
  trunk:
    - Alamofire
    - DropDown
    - RangeSeekSlider
    - Segmentio

SPEC CHECKSUMS:
  Alamofire: 814429acc853c6c54ff123fc3d2ef66803823ce0
  DropDown: 8a2116376c1981888557f72ec2ffc9a5e0e456ec
  RangeSeekSlider: 650b11fa1edcb92e1e0ede797669d98622570fb5
  Segmentio: ab29def64e1bff6e6e9b97671788a99bed3f1d9f

PODFILE CHECKSUM: b6d302706cc9e76d376e4bce63649828a297caa2

COCOAPODS: 1.10.1
