// !$*UTF8*$!
{
	archiveVersion = 1;
	classes = {
	};
	objectVersion = 51;
	objects = {

/* Begin PBXBuildFile section */
		7235A40BBA29A6BD23A421ED /* Pods_Recipe_Kitchen.framework in Frameworks */ = {isa = PBXBuildFile; fileRef = 911713774D72759308C0E42F /* Pods_Recipe_Kitchen.framework */; };
		B512AA31258852D800B34A6D /* Filter.swift in Sources */ = {isa = PBXBuildFile; fileRef = B512AA30258852D800B34A6D /* Filter.swift */; };
		B512AA3525887E9800B34A6D /* filterSelectionCell.swift in Sources */ = {isa = PBXBuildFile; fileRef = B512AA3325887E9700B34A6D /* filterSelectionCell.swift */; };
		B512AA3625887E9800B34A6D /* filterSelectionCell.xib in Resources */ = {isa = PBXBuildFile; fileRef = B512AA3425887E9700B34A6D /* filterSelectionCell.xib */; };
		B51ABB7724CB657B00216F3C /* AddViewController.swift in Sources */ = {isa = PBXBuildFile; fileRef = B51ABB7624CB657B00216F3C /* AddViewController.swift */; };
		B53C79882592DD4C00061A51 /* Global.swift in Sources */ = {isa = PBXBuildFile; fileRef = B53C79872592DD4C00061A51 /* Global.swift */; };
		B5414C8524D08466002F3C43 /* recipeCell.swift in Sources */ = {isa = PBXBuildFile; fileRef = B5414C8324D08466002F3C43 /* recipeCell.swift */; };
		B5414C8624D08466002F3C43 /* recipeCell.xib in Resources */ = {isa = PBXBuildFile; fileRef = B5414C8424D08466002F3C43 /* recipeCell.xib */; };
		B557CD1225408B4C005DF1CF /* keys.plist in Resources */ = {isa = PBXBuildFile; fileRef = B557CD1125408B4C005DF1CF /* keys.plist */; };
		B55A0CA12596B92800EF2CEE /* IngredientsViewController.swift in Sources */ = {isa = PBXBuildFile; fileRef = B55A0CA02596B92700EF2CEE /* IngredientsViewController.swift */; };
		B55A0CA42597E6F500EF2CEE /* ingredientCell.swift in Sources */ = {isa = PBXBuildFile; fileRef = B55A0CA32597E6F500EF2CEE /* ingredientCell.swift */; };
		B55EDC0324D604F10040A39E /* filtersButton.swift in Sources */ = {isa = PBXBuildFile; fileRef = B55EDC0224D604F10040A39E /* filtersButton.swift */; };
		B56096952579BB230007E23B /* String Extension.swift in Sources */ = {isa = PBXBuildFile; fileRef = B56096942579BB230007E23B /* String Extension.swift */; };
		B56096992579E5340007E23B /* Color Extension.swift in Sources */ = {isa = PBXBuildFile; fileRef = B56096982579E5340007E23B /* Color Extension.swift */; };
		B56096A32581B3420007E23B /* filtersDataSource.swift in Sources */ = {isa = PBXBuildFile; fileRef = B56096A22581B3410007E23B /* filtersDataSource.swift */; };
		B56096A72581B3530007E23B /* filtersDelegate.swift in Sources */ = {isa = PBXBuildFile; fileRef = B56096A62581B3530007E23B /* filtersDelegate.swift */; };
		B56096AC2581B54F0007E23B /* filterCell.swift in Sources */ = {isa = PBXBuildFile; fileRef = B56096AA2581B54F0007E23B /* filterCell.swift */; };
		B56096AD2581B54F0007E23B /* filterCell.xib in Resources */ = {isa = PBXBuildFile; fileRef = B56096AB2581B54F0007E23B /* filterCell.xib */; };
		B5633500258FFEEE00031B92 /* Date Extension.swift in Sources */ = {isa = PBXBuildFile; fileRef = B56334FF258FFEEE00031B92 /* Date Extension.swift */; };
		B563350425905F6800031B92 /* EditViewController.swift in Sources */ = {isa = PBXBuildFile; fileRef = B563350325905F6800031B92 /* EditViewController.swift */; };
		B5633507259067DA00031B92 /* Button Extension.swift in Sources */ = {isa = PBXBuildFile; fileRef = B5633506259067DA00031B92 /* Button Extension.swift */; };
		B56F588224ED91680060D1AE /* RecipeModel.swift in Sources */ = {isa = PBXBuildFile; fileRef = B56F588124ED91680060D1AE /* RecipeModel.swift */; };
		B56F58A024EEDBB50060D1AE /* CacheManager.swift in Sources */ = {isa = PBXBuildFile; fileRef = B56F589F24EEDBB50060D1AE /* CacheManager.swift */; };
		B586095E2500058A00BEA963 /* FiltersViewController.swift in Sources */ = {isa = PBXBuildFile; fileRef = B586095D2500058A00BEA963 /* FiltersViewController.swift */; };
		B58F95C124D9F1500006DD14 /* Recipe Kitchen.xcdatamodeld in Sources */ = {isa = PBXBuildFile; fileRef = B58F95BF24D9F1500006DD14 /* Recipe Kitchen.xcdatamodeld */; };
		B590085024C5DA2300F80B48 /* AppDelegate.swift in Sources */ = {isa = PBXBuildFile; fileRef = B590084F24C5DA2300F80B48 /* AppDelegate.swift */; };
		B590085224C5DA2300F80B48 /* SceneDelegate.swift in Sources */ = {isa = PBXBuildFile; fileRef = B590085124C5DA2300F80B48 /* SceneDelegate.swift */; };
		B590085424C5DA2300F80B48 /* HomeViewController.swift in Sources */ = {isa = PBXBuildFile; fileRef = B590085324C5DA2300F80B48 /* HomeViewController.swift */; };
		B590085724C5DA2300F80B48 /* Main.storyboard in Resources */ = {isa = PBXBuildFile; fileRef = B590085524C5DA2300F80B48 /* Main.storyboard */; };
		B590085924C5DA2500F80B48 /* Assets.xcassets in Resources */ = {isa = PBXBuildFile; fileRef = B590085824C5DA2500F80B48 /* Assets.xcassets */; };
		B590085C24C5DA2500F80B48 /* LaunchScreen.storyboard in Resources */ = {isa = PBXBuildFile; fileRef = B590085A24C5DA2500F80B48 /* LaunchScreen.storyboard */; };
		B590086924C5E40E00F80B48 /* foodCell.swift in Sources */ = {isa = PBXBuildFile; fileRef = B590086724C5E40E00F80B48 /* foodCell.swift */; };
		B590086C24C6179A00F80B48 /* LeftAlignFlowLayout.swift in Sources */ = {isa = PBXBuildFile; fileRef = B590086B24C6179A00F80B48 /* LeftAlignFlowLayout.swift */; };
		B590087124C7ADB900F80B48 /* addButton.swift in Sources */ = {isa = PBXBuildFile; fileRef = B590087024C7ADB900F80B48 /* addButton.swift */; };
		B5994E2A2502E58400E85248 /* WebKit.framework in Frameworks */ = {isa = PBXBuildFile; fileRef = B5A53BA82501C6180007A3BF /* WebKit.framework */; };
		B5994E4425059A0400E85248 /* foodInfo.storyboard in Resources */ = {isa = PBXBuildFile; fileRef = B5994E4325059A0400E85248 /* foodInfo.storyboard */; };
		B5994E462505A1EE00E85248 /* PantryViewController.swift in Sources */ = {isa = PBXBuildFile; fileRef = B5994E452505A1EE00E85248 /* PantryViewController.swift */; };
		B5A53BA72501C55C0007A3BF /* RecipeViewController.swift in Sources */ = {isa = PBXBuildFile; fileRef = B5A53BA62501C55C0007A3BF /* RecipeViewController.swift */; };
		B5B28133253E508600B6CCDB /* Food+CoreDataClass.swift in Sources */ = {isa = PBXBuildFile; fileRef = B5994E3F250595CF00E85248 /* Food+CoreDataClass.swift */; };
		B5B6812C24DA22AA007B4981 /* Recipe.swift in Sources */ = {isa = PBXBuildFile; fileRef = B5B6812B24DA22AA007B4981 /* Recipe.swift */; };
		B5C786E82510500E00566947 /* Food+CoreDataProperties.swift in Sources */ = {isa = PBXBuildFile; fileRef = B5C786E72510500E00566947 /* Food+CoreDataProperties.swift */; };
		B5D3999A24D1D96600C2F271 /* recipeDataSource.swift in Sources */ = {isa = PBXBuildFile; fileRef = B5D3999924D1D96600C2F271 /* recipeDataSource.swift */; };
		B5D3999C24D1D97A00C2F271 /* recipeCollectionViewDelegate.swift in Sources */ = {isa = PBXBuildFile; fileRef = B5D3999B24D1D97A00C2F271 /* recipeCollectionViewDelegate.swift */; };
		B5F65AC525093EB600A37C2A /* foodInfoCell.swift in Sources */ = {isa = PBXBuildFile; fileRef = B5F65AC425093EB600A37C2A /* foodInfoCell.swift */; };
/* End PBXBuildFile section */

/* Begin PBXFileReference section */
		2FB151D383E714D7ED0976BC /* Pods-Recipe Kitchen.debug.xcconfig */ = {isa = PBXFileReference; includeInIndex = 1; lastKnownFileType = text.xcconfig; name = "Pods-Recipe Kitchen.debug.xcconfig"; path = "Target Support Files/Pods-Recipe Kitchen/Pods-Recipe Kitchen.debug.xcconfig"; sourceTree = "<group>"; };
		911713774D72759308C0E42F /* Pods_Recipe_Kitchen.framework */ = {isa = PBXFileReference; explicitFileType = wrapper.framework; includeInIndex = 0; path = Pods_Recipe_Kitchen.framework; sourceTree = BUILT_PRODUCTS_DIR; };
		94A89FBF4332CE387298BE8F /* Pods-Recipe Kitchen.release.xcconfig */ = {isa = PBXFileReference; includeInIndex = 1; lastKnownFileType = text.xcconfig; name = "Pods-Recipe Kitchen.release.xcconfig"; path = "Target Support Files/Pods-Recipe Kitchen/Pods-Recipe Kitchen.release.xcconfig"; sourceTree = "<group>"; };
		B512AA30258852D800B34A6D /* Filter.swift */ = {isa = PBXFileReference; lastKnownFileType = sourcecode.swift; path = Filter.swift; sourceTree = "<group>"; };
		B512AA3325887E9700B34A6D /* filterSelectionCell.swift */ = {isa = PBXFileReference; lastKnownFileType = sourcecode.swift; path = filterSelectionCell.swift; sourceTree = "<group>"; };
		B512AA3425887E9700B34A6D /* filterSelectionCell.xib */ = {isa = PBXFileReference; lastKnownFileType = file.xib; path = filterSelectionCell.xib; sourceTree = "<group>"; };
		B51ABB7624CB657B00216F3C /* AddViewController.swift */ = {isa = PBXFileReference; lastKnownFileType = sourcecode.swift; path = AddViewController.swift; sourceTree = "<group>"; };
		B53C79872592DD4C00061A51 /* Global.swift */ = {isa = PBXFileReference; lastKnownFileType = sourcecode.swift; path = Global.swift; sourceTree = "<group>"; };
		B5414C8324D08466002F3C43 /* recipeCell.swift */ = {isa = PBXFileReference; lastKnownFileType = sourcecode.swift; path = recipeCell.swift; sourceTree = "<group>"; };
		B5414C8424D08466002F3C43 /* recipeCell.xib */ = {isa = PBXFileReference; lastKnownFileType = file.xib; path = recipeCell.xib; sourceTree = "<group>"; };
		B557CD1125408B4C005DF1CF /* keys.plist */ = {isa = PBXFileReference; lastKnownFileType = text.plist.xml; path = keys.plist; sourceTree = "<group>"; };
		B55A0CA02596B92700EF2CEE /* IngredientsViewController.swift */ = {isa = PBXFileReference; lastKnownFileType = sourcecode.swift; path = IngredientsViewController.swift; sourceTree = "<group>"; };
		B55A0CA32597E6F500EF2CEE /* ingredientCell.swift */ = {isa = PBXFileReference; lastKnownFileType = sourcecode.swift; path = ingredientCell.swift; sourceTree = "<group>"; };
		B55EDC0224D604F10040A39E /* filtersButton.swift */ = {isa = PBXFileReference; lastKnownFileType = sourcecode.swift; path = filtersButton.swift; sourceTree = "<group>"; };
		B56096942579BB230007E23B /* String Extension.swift */ = {isa = PBXFileReference; lastKnownFileType = sourcecode.swift; path = "String Extension.swift"; sourceTree = "<group>"; };
		B56096982579E5340007E23B /* Color Extension.swift */ = {isa = PBXFileReference; lastKnownFileType = sourcecode.swift; path = "Color Extension.swift"; sourceTree = "<group>"; };
		B56096A22581B3410007E23B /* filtersDataSource.swift */ = {isa = PBXFileReference; lastKnownFileType = sourcecode.swift; path = filtersDataSource.swift; sourceTree = "<group>"; };
		B56096A62581B3530007E23B /* filtersDelegate.swift */ = {isa = PBXFileReference; lastKnownFileType = sourcecode.swift; path = filtersDelegate.swift; sourceTree = "<group>"; };
		B56096AA2581B54F0007E23B /* filterCell.swift */ = {isa = PBXFileReference; lastKnownFileType = sourcecode.swift; path = filterCell.swift; sourceTree = "<group>"; };
		B56096AB2581B54F0007E23B /* filterCell.xib */ = {isa = PBXFileReference; lastKnownFileType = file.xib; path = filterCell.xib; sourceTree = "<group>"; };
		B56334FF258FFEEE00031B92 /* Date Extension.swift */ = {isa = PBXFileReference; lastKnownFileType = sourcecode.swift; path = "Date Extension.swift"; sourceTree = "<group>"; };
		B563350325905F6800031B92 /* EditViewController.swift */ = {isa = PBXFileReference; lastKnownFileType = sourcecode.swift; path = EditViewController.swift; sourceTree = "<group>"; };
		B5633506259067DA00031B92 /* Button Extension.swift */ = {isa = PBXFileReference; lastKnownFileType = sourcecode.swift; path = "Button Extension.swift"; sourceTree = "<group>"; };
		B56F588124ED91680060D1AE /* RecipeModel.swift */ = {isa = PBXFileReference; lastKnownFileType = sourcecode.swift; path = RecipeModel.swift; sourceTree = "<group>"; };
		B56F589F24EEDBB50060D1AE /* CacheManager.swift */ = {isa = PBXFileReference; lastKnownFileType = sourcecode.swift; path = CacheManager.swift; sourceTree = "<group>"; };
		B586095D2500058A00BEA963 /* FiltersViewController.swift */ = {isa = PBXFileReference; lastKnownFileType = sourcecode.swift; path = FiltersViewController.swift; sourceTree = "<group>"; };
		B58F95C024D9F1500006DD14 /* Cook_For_One.xcdatamodel */ = {isa = PBXFileReference; lastKnownFileType = wrapper.xcdatamodel; path = Cook_For_One.xcdatamodel; sourceTree = "<group>"; };
		B590084C24C5DA2300F80B48 /* Recipe Kitchen.app */ = {isa = PBXFileReference; explicitFileType = wrapper.application; includeInIndex = 0; path = "Recipe Kitchen.app"; sourceTree = BUILT_PRODUCTS_DIR; };
		B590084F24C5DA2300F80B48 /* AppDelegate.swift */ = {isa = PBXFileReference; lastKnownFileType = sourcecode.swift; path = AppDelegate.swift; sourceTree = "<group>"; };
		B590085124C5DA2300F80B48 /* SceneDelegate.swift */ = {isa = PBXFileReference; lastKnownFileType = sourcecode.swift; path = SceneDelegate.swift; sourceTree = "<group>"; };
		B590085324C5DA2300F80B48 /* HomeViewController.swift */ = {isa = PBXFileReference; lastKnownFileType = sourcecode.swift; path = HomeViewController.swift; sourceTree = "<group>"; };
		B590085624C5DA2300F80B48 /* Base */ = {isa = PBXFileReference; lastKnownFileType = file.storyboard; name = Base; path = Base.lproj/Main.storyboard; sourceTree = "<group>"; };
		B590085824C5DA2500F80B48 /* Assets.xcassets */ = {isa = PBXFileReference; lastKnownFileType = folder.assetcatalog; path = Assets.xcassets; sourceTree = "<group>"; };
		B590085B24C5DA2500F80B48 /* Base */ = {isa = PBXFileReference; lastKnownFileType = file.storyboard; name = Base; path = Base.lproj/LaunchScreen.storyboard; sourceTree = "<group>"; };
		B590085D24C5DA2500F80B48 /* Info.plist */ = {isa = PBXFileReference; lastKnownFileType = text.plist.xml; path = Info.plist; sourceTree = "<group>"; };
		B590086724C5E40E00F80B48 /* foodCell.swift */ = {isa = PBXFileReference; lastKnownFileType = sourcecode.swift; path = foodCell.swift; sourceTree = "<group>"; };
		B590086B24C6179A00F80B48 /* LeftAlignFlowLayout.swift */ = {isa = PBXFileReference; lastKnownFileType = sourcecode.swift; path = LeftAlignFlowLayout.swift; sourceTree = "<group>"; };
		B590087024C7ADB900F80B48 /* addButton.swift */ = {isa = PBXFileReference; lastKnownFileType = sourcecode.swift; path = addButton.swift; sourceTree = "<group>"; };
		B5994E3F250595CF00E85248 /* Food+CoreDataClass.swift */ = {isa = PBXFileReference; fileEncoding = 4; lastKnownFileType = sourcecode.swift; path = "Food+CoreDataClass.swift"; sourceTree = "<group>"; };
		B5994E4325059A0400E85248 /* foodInfo.storyboard */ = {isa = PBXFileReference; lastKnownFileType = file.storyboard; path = foodInfo.storyboard; sourceTree = "<group>"; };
		B5994E452505A1EE00E85248 /* PantryViewController.swift */ = {isa = PBXFileReference; lastKnownFileType = sourcecode.swift; path = PantryViewController.swift; sourceTree = "<group>"; };
		B5A53BA62501C55C0007A3BF /* RecipeViewController.swift */ = {isa = PBXFileReference; lastKnownFileType = sourcecode.swift; path = RecipeViewController.swift; sourceTree = "<group>"; };
		B5A53BA82501C6180007A3BF /* WebKit.framework */ = {isa = PBXFileReference; lastKnownFileType = wrapper.framework; name = WebKit.framework; path = System/Library/Frameworks/WebKit.framework; sourceTree = SDKROOT; };
		B5B6812B24DA22AA007B4981 /* Recipe.swift */ = {isa = PBXFileReference; lastKnownFileType = sourcecode.swift; path = Recipe.swift; sourceTree = "<group>"; };
		B5C786E72510500E00566947 /* Food+CoreDataProperties.swift */ = {isa = PBXFileReference; lastKnownFileType = sourcecode.swift; path = "Food+CoreDataProperties.swift"; sourceTree = "<group>"; };
		B5D3999924D1D96600C2F271 /* recipeDataSource.swift */ = {isa = PBXFileReference; lastKnownFileType = sourcecode.swift; path = recipeDataSource.swift; sourceTree = "<group>"; };
		B5D3999B24D1D97A00C2F271 /* recipeCollectionViewDelegate.swift */ = {isa = PBXFileReference; lastKnownFileType = sourcecode.swift; path = recipeCollectionViewDelegate.swift; sourceTree = "<group>"; };
		B5F65AC425093EB600A37C2A /* foodInfoCell.swift */ = {isa = PBXFileReference; lastKnownFileType = sourcecode.swift; path = foodInfoCell.swift; sourceTree = "<group>"; };
/* End PBXFileReference section */

/* Begin PBXFrameworksBuildPhase section */
		B590084924C5DA2300F80B48 /* Frameworks */ = {
			isa = PBXFrameworksBuildPhase;
			buildActionMask = 2147483647;
			files = (
				B5994E2A2502E58400E85248 /* WebKit.framework in Frameworks */,
				7235A40BBA29A6BD23A421ED /* Pods_Recipe_Kitchen.framework in Frameworks */,
			);
			runOnlyForDeploymentPostprocessing = 0;
		};
/* End PBXFrameworksBuildPhase section */

/* Begin PBXGroup section */
		0A436B370C80DCF60E890E48 /* Frameworks */ = {
			isa = PBXGroup;
			children = (
				B5A53BA82501C6180007A3BF /* WebKit.framework */,
				911713774D72759308C0E42F /* Pods_Recipe_Kitchen.framework */,
			);
			name = Frameworks;
			sourceTree = "<group>";
		};
		375C432B733B054879C8BBB8 /* Pods */ = {
			isa = PBXGroup;
			children = (
				2FB151D383E714D7ED0976BC /* Pods-Recipe Kitchen.debug.xcconfig */,
				94A89FBF4332CE387298BE8F /* Pods-Recipe Kitchen.release.xcconfig */,
			);
			path = Pods;
			sourceTree = "<group>";
		};
		B52BB673250FFBDC007AFA8C /* Storyboards */ = {
			isa = PBXGroup;
			children = (
				B590085524C5DA2300F80B48 /* Main.storyboard */,
				B5994E4325059A0400E85248 /* foodInfo.storyboard */,
				B590085A24C5DA2500F80B48 /* LaunchScreen.storyboard */,
			);
			path = Storyboards;
			sourceTree = "<group>";
		};
		B5414C8724D0A66A002F3C43 /* View Controllers */ = {
			isa = PBXGroup;
			children = (
				B590085324C5DA2300F80B48 /* HomeViewController.swift */,
				B51ABB7624CB657B00216F3C /* AddViewController.swift */,
				B586095D2500058A00BEA963 /* FiltersViewController.swift */,
				B5A53BA62501C55C0007A3BF /* RecipeViewController.swift */,
				B5994E452505A1EE00E85248 /* PantryViewController.swift */,
				B563350325905F6800031B92 /* EditViewController.swift */,
				B55A0CA02596B92700EF2CEE /* IngredientsViewController.swift */,
			);
			path = "View Controllers";
			sourceTree = "<group>";
		};
		B5414C8824D0A689002F3C43 /* Food Collection View */ = {
			isa = PBXGroup;
			children = (
				B590086724C5E40E00F80B48 /* foodCell.swift */,
				B590086B24C6179A00F80B48 /* LeftAlignFlowLayout.swift */,
			);
			path = "Food Collection View";
			sourceTree = "<group>";
		};
		B5416D252708043A00FA1F24 /* Views */ = {
			isa = PBXGroup;
			children = (
				B512AA3425887E9700B34A6D /* filterSelectionCell.xib */,
				B5F65AC425093EB600A37C2A /* foodInfoCell.swift */,
				B55EDC0224D604F10040A39E /* filtersButton.swift */,
				B512AA3325887E9700B34A6D /* filterSelectionCell.swift */,
				B55A0CA32597E6F500EF2CEE /* ingredientCell.swift */,
				B590087024C7ADB900F80B48 /* addButton.swift */,
				B57A638C2595690E00DB943E /* Collection Views */,
			);
			path = Views;
			sourceTree = "<group>";
		};
		B56096932579BB090007E23B /* Extensions */ = {
			isa = PBXGroup;
			children = (
				B56096942579BB230007E23B /* String Extension.swift */,
				B56096982579E5340007E23B /* Color Extension.swift */,
				B56334FF258FFEEE00031B92 /* Date Extension.swift */,
				B5633506259067DA00031B92 /* Button Extension.swift */,
			);
			path = Extensions;
			sourceTree = "<group>";
		};
		B56096A12581B2130007E23B /* Filters Collection View */ = {
			isa = PBXGroup;
			children = (
				B56096A22581B3410007E23B /* filtersDataSource.swift */,
				B56096A62581B3530007E23B /* filtersDelegate.swift */,
				B56096AA2581B54F0007E23B /* filterCell.swift */,
				B56096AB2581B54F0007E23B /* filterCell.xib */,
			);
			path = "Filters Collection View";
			sourceTree = "<group>";
		};
		B57A638C2595690E00DB943E /* Collection Views */ = {
			isa = PBXGroup;
			children = (
				B5414C8824D0A689002F3C43 /* Food Collection View */,
				B5D3999824D1D95100C2F271 /* Recipe Collection View */,
				B56096A12581B2130007E23B /* Filters Collection View */,
			);
			path = "Collection Views";
			sourceTree = "<group>";
		};
		B57A638D2595695800DB943E /* Models */ = {
			isa = PBXGroup;
			children = (
				B5B6812B24DA22AA007B4981 /* Recipe.swift */,
				B512AA30258852D800B34A6D /* Filter.swift */,
				B53C79872592DD4C00061A51 /* Global.swift */,
				B58F95C824D9F7680006DD14 /* Core Data */,
				B56F588124ED91680060D1AE /* RecipeModel.swift */,
			);
			path = Models;
			sourceTree = "<group>";
		};
		B58F95B524D9EEBA0006DD14 /* Resources */ = {
			isa = PBXGroup;
			children = (
				B590085D24C5DA2500F80B48 /* Info.plist */,
				B557CD1125408B4C005DF1CF /* keys.plist */,
				B590085824C5DA2500F80B48 /* Assets.xcassets */,
				B56F589F24EEDBB50060D1AE /* CacheManager.swift */,
				B590085124C5DA2300F80B48 /* SceneDelegate.swift */,
				B590084F24C5DA2300F80B48 /* AppDelegate.swift */,
			);
			path = Resources;
			sourceTree = "<group>";
		};
		B58F95C824D9F7680006DD14 /* Core Data */ = {
			isa = PBXGroup;
			children = (
				B5C786E72510500E00566947 /* Food+CoreDataProperties.swift */,
				B5994E3F250595CF00E85248 /* Food+CoreDataClass.swift */,
				B58F95BF24D9F1500006DD14 /* Recipe Kitchen.xcdatamodeld */,
			);
			path = "Core Data";
			sourceTree = "<group>";
		};
		B590084324C5DA2200F80B48 = {
			isa = PBXGroup;
			children = (
				B590084E24C5DA2300F80B48 /* Recipe Kitchen */,
				B590084D24C5DA2300F80B48 /* Products */,
				375C432B733B054879C8BBB8 /* Pods */,
				0A436B370C80DCF60E890E48 /* Frameworks */,
			);
			sourceTree = "<group>";
		};
		B590084D24C5DA2300F80B48 /* Products */ = {
			isa = PBXGroup;
			children = (
				B590084C24C5DA2300F80B48 /* Recipe Kitchen.app */,
			);
			name = Products;
			sourceTree = "<group>";
		};
		B590084E24C5DA2300F80B48 /* Recipe Kitchen */ = {
			isa = PBXGroup;
			children = (
				B5416D252708043A00FA1F24 /* Views */,
				B57A638D2595695800DB943E /* Models */,
				B56096932579BB090007E23B /* Extensions */,
				B58F95B524D9EEBA0006DD14 /* Resources */,
				B52BB673250FFBDC007AFA8C /* Storyboards */,
				B5414C8724D0A66A002F3C43 /* View Controllers */,
			);
			path = "Recipe Kitchen";
			sourceTree = "<group>";
		};
		B5D3999824D1D95100C2F271 /* Recipe Collection View */ = {
			isa = PBXGroup;
			children = (
				B5D3999924D1D96600C2F271 /* recipeDataSource.swift */,
				B5D3999B24D1D97A00C2F271 /* recipeCollectionViewDelegate.swift */,
				B5414C8324D08466002F3C43 /* recipeCell.swift */,
				B5414C8424D08466002F3C43 /* recipeCell.xib */,
			);
			path = "Recipe Collection View";
			sourceTree = "<group>";
		};
/* End PBXGroup section */

/* Begin PBXNativeTarget section */
		B590084B24C5DA2300F80B48 /* Recipe Kitchen */ = {
			isa = PBXNativeTarget;
			buildConfigurationList = B590086024C5DA2500F80B48 /* Build configuration list for PBXNativeTarget "Recipe Kitchen" */;
			buildPhases = (
				CAAAD149EE3BE4EF3557AD4F /* [CP] Check Pods Manifest.lock */,
				B590084824C5DA2300F80B48 /* Sources */,
				B590084924C5DA2300F80B48 /* Frameworks */,
				B590084A24C5DA2300F80B48 /* Resources */,
				2CAF6B81FC7174B1849A19AB /* [CP] Embed Pods Frameworks */,
			);
			buildRules = (
			);
			dependencies = (
			);
			name = "Recipe Kitchen";
			productName = Cook_For_One;
			productReference = B590084C24C5DA2300F80B48 /* Recipe Kitchen.app */;
			productType = "com.apple.product-type.application";
		};
/* End PBXNativeTarget section */

/* Begin PBXProject section */
		B590084424C5DA2200F80B48 /* Project object */ = {
			isa = PBXProject;
			attributes = {
				LastSwiftUpdateCheck = 1150;
				LastUpgradeCheck = 1150;
				ORGANIZATIONNAME = "Tommy Alpert";
				TargetAttributes = {
					B590084B24C5DA2300F80B48 = {
						CreatedOnToolsVersion = 11.5;
					};
				};
			};
			buildConfigurationList = B590084724C5DA2200F80B48 /* Build configuration list for PBXProject "Recipe Kitchen" */;
			compatibilityVersion = "Xcode 9.3";
			developmentRegion = en;
			hasScannedForEncodings = 0;
			knownRegions = (
				en,
				Base,
			);
			mainGroup = B590084324C5DA2200F80B48;
			productRefGroup = B590084D24C5DA2300F80B48 /* Products */;
			projectDirPath = "";
			projectRoot = "";
			targets = (
				B590084B24C5DA2300F80B48 /* Recipe Kitchen */,
			);
		};
/* End PBXProject section */

/* Begin PBXResourcesBuildPhase section */
		B590084A24C5DA2300F80B48 /* Resources */ = {
			isa = PBXResourcesBuildPhase;
			buildActionMask = 2147483647;
			files = (
				B557CD1225408B4C005DF1CF /* keys.plist in Resources */,
				B590085C24C5DA2500F80B48 /* LaunchScreen.storyboard in Resources */,
				B590085924C5DA2500F80B48 /* Assets.xcassets in Resources */,
				B512AA3625887E9800B34A6D /* filterSelectionCell.xib in Resources */,
				B590085724C5DA2300F80B48 /* Main.storyboard in Resources */,
				B56096AD2581B54F0007E23B /* filterCell.xib in Resources */,
				B5414C8624D08466002F3C43 /* recipeCell.xib in Resources */,
				B5994E4425059A0400E85248 /* foodInfo.storyboard in Resources */,
			);
			runOnlyForDeploymentPostprocessing = 0;
		};
/* End PBXResourcesBuildPhase section */

/* Begin PBXShellScriptBuildPhase section */
		2CAF6B81FC7174B1849A19AB /* [CP] Embed Pods Frameworks */ = {
			isa = PBXShellScriptBuildPhase;
			buildActionMask = 2147483647;
			files = (
			);
			inputFileListPaths = (
				"${PODS_ROOT}/Target Support Files/Pods-Recipe Kitchen/Pods-Recipe Kitchen-frameworks-${CONFIGURATION}-input-files.xcfilelist",
			);
			name = "[CP] Embed Pods Frameworks";
			outputFileListPaths = (
				"${PODS_ROOT}/Target Support Files/Pods-Recipe Kitchen/Pods-Recipe Kitchen-frameworks-${CONFIGURATION}-output-files.xcfilelist",
			);
			runOnlyForDeploymentPostprocessing = 0;
			shellPath = /bin/sh;
			shellScript = "\"${PODS_ROOT}/Target Support Files/Pods-Recipe Kitchen/Pods-Recipe Kitchen-frameworks.sh\"\n";
			showEnvVarsInLog = 0;
		};
		CAAAD149EE3BE4EF3557AD4F /* [CP] Check Pods Manifest.lock */ = {
			isa = PBXShellScriptBuildPhase;
			buildActionMask = 2147483647;
			files = (
			);
			inputFileListPaths = (
			);
			inputPaths = (
				"${PODS_PODFILE_DIR_PATH}/Podfile.lock",
				"${PODS_ROOT}/Manifest.lock",
			);
			name = "[CP] Check Pods Manifest.lock";
			outputFileListPaths = (
			);
			outputPaths = (
				"$(DERIVED_FILE_DIR)/Pods-Recipe Kitchen-checkManifestLockResult.txt",
			);
			runOnlyForDeploymentPostprocessing = 0;
			shellPath = /bin/sh;
			shellScript = "diff \"${PODS_PODFILE_DIR_PATH}/Podfile.lock\" \"${PODS_ROOT}/Manifest.lock\" > /dev/null\nif [ $? != 0 ] ; then\n    # print error to STDERR\n    echo \"error: The sandbox is not in sync with the Podfile.lock. Run 'pod install' or update your CocoaPods installation.\" >&2\n    exit 1\nfi\n# This output is used by Xcode 'outputs' to avoid re-running this script phase.\necho \"SUCCESS\" > \"${SCRIPT_OUTPUT_FILE_0}\"\n";
			showEnvVarsInLog = 0;
		};
/* End PBXShellScriptBuildPhase section */

/* Begin PBXSourcesBuildPhase section */
		B590084824C5DA2300F80B48 /* Sources */ = {
			isa = PBXSourcesBuildPhase;
			buildActionMask = 2147483647;
			files = (
				B5B28133253E508600B6CCDB /* Food+CoreDataClass.swift in Sources */,
				B5D3999C24D1D97A00C2F271 /* recipeCollectionViewDelegate.swift in Sources */,
				B56096992579E5340007E23B /* Color Extension.swift in Sources */,
				B590087124C7ADB900F80B48 /* addButton.swift in Sources */,
				B512AA3525887E9800B34A6D /* filterSelectionCell.swift in Sources */,
				B56096A32581B3420007E23B /* filtersDataSource.swift in Sources */,
				B5994E462505A1EE00E85248 /* PantryViewController.swift in Sources */,
				B5A53BA72501C55C0007A3BF /* RecipeViewController.swift in Sources */,
				B56096AC2581B54F0007E23B /* filterCell.swift in Sources */,
				B5414C8524D08466002F3C43 /* recipeCell.swift in Sources */,
				B55EDC0324D604F10040A39E /* filtersButton.swift in Sources */,
				B53C79882592DD4C00061A51 /* Global.swift in Sources */,
				B5633507259067DA00031B92 /* Button Extension.swift in Sources */,
				B51ABB7724CB657B00216F3C /* AddViewController.swift in Sources */,
				B5B6812C24DA22AA007B4981 /* Recipe.swift in Sources */,
				B5D3999A24D1D96600C2F271 /* recipeDataSource.swift in Sources */,
				B5C786E82510500E00566947 /* Food+CoreDataProperties.swift in Sources */,
				B56096952579BB230007E23B /* String Extension.swift in Sources */,
				B590085424C5DA2300F80B48 /* HomeViewController.swift in Sources */,
				B5633500258FFEEE00031B92 /* Date Extension.swift in Sources */,
				B55A0CA42597E6F500EF2CEE /* ingredientCell.swift in Sources */,
				B58F95C124D9F1500006DD14 /* Recipe Kitchen.xcdatamodeld in Sources */,
				B56096A72581B3530007E23B /* filtersDelegate.swift in Sources */,
				B563350425905F6800031B92 /* EditViewController.swift in Sources */,
				B590086924C5E40E00F80B48 /* foodCell.swift in Sources */,
				B56F58A024EEDBB50060D1AE /* CacheManager.swift in Sources */,
				B590085024C5DA2300F80B48 /* AppDelegate.swift in Sources */,
				B5F65AC525093EB600A37C2A /* foodInfoCell.swift in Sources */,
				B55A0CA12596B92800EF2CEE /* IngredientsViewController.swift in Sources */,
				B586095E2500058A00BEA963 /* FiltersViewController.swift in Sources */,
				B590086C24C6179A00F80B48 /* LeftAlignFlowLayout.swift in Sources */,
				B56F588224ED91680060D1AE /* RecipeModel.swift in Sources */,
				B512AA31258852D800B34A6D /* Filter.swift in Sources */,
				B590085224C5DA2300F80B48 /* SceneDelegate.swift in Sources */,
			);
			runOnlyForDeploymentPostprocessing = 0;
		};
/* End PBXSourcesBuildPhase section */

/* Begin PBXVariantGroup section */
		B590085524C5DA2300F80B48 /* Main.storyboard */ = {
			isa = PBXVariantGroup;
			children = (
				B590085624C5DA2300F80B48 /* Base */,
			);
			name = Main.storyboard;
			sourceTree = "<group>";
		};
		B590085A24C5DA2500F80B48 /* LaunchScreen.storyboard */ = {
			isa = PBXVariantGroup;
			children = (
				B590085B24C5DA2500F80B48 /* Base */,
			);
			name = LaunchScreen.storyboard;
			sourceTree = "<group>";
		};
/* End PBXVariantGroup section */

/* Begin XCBuildConfiguration section */
		B590085E24C5DA2500F80B48 /* Debug */ = {
			isa = XCBuildConfiguration;
			buildSettings = {
				ALWAYS_SEARCH_USER_PATHS = NO;
				CLANG_ANALYZER_NONNULL = YES;
				CLANG_ANALYZER_NUMBER_OBJECT_CONVERSION = YES_AGGRESSIVE;
				CLANG_CXX_LANGUAGE_STANDARD = "gnu++14";
				CLANG_CXX_LIBRARY = "libc++";
				CLANG_ENABLE_MODULES = YES;
				CLANG_ENABLE_OBJC_ARC = YES;
				CLANG_ENABLE_OBJC_WEAK = YES;
				CLANG_WARN_BLOCK_CAPTURE_AUTORELEASING = YES;
				CLANG_WARN_BOOL_CONVERSION = YES;
				CLANG_WARN_COMMA = YES;
				CLANG_WARN_CONSTANT_CONVERSION = YES;
				CLANG_WARN_DEPRECATED_OBJC_IMPLEMENTATIONS = YES;
				CLANG_WARN_DIRECT_OBJC_ISA_USAGE = YES_ERROR;
				CLANG_WARN_DOCUMENTATION_COMMENTS = YES;
				CLANG_WARN_EMPTY_BODY = YES;
				CLANG_WARN_ENUM_CONVERSION = YES;
				CLANG_WARN_INFINITE_RECURSION = YES;
				CLANG_WARN_INT_CONVERSION = YES;
				CLANG_WARN_NON_LITERAL_NULL_CONVERSION = YES;
				CLANG_WARN_OBJC_IMPLICIT_RETAIN_SELF = YES;
				CLANG_WARN_OBJC_LITERAL_CONVERSION = YES;
				CLANG_WARN_OBJC_ROOT_CLASS = YES_ERROR;
				CLANG_WARN_RANGE_LOOP_ANALYSIS = YES;
				CLANG_WARN_STRICT_PROTOTYPES = YES;
				CLANG_WARN_SUSPICIOUS_MOVE = YES;
				CLANG_WARN_UNGUARDED_AVAILABILITY = YES_AGGRESSIVE;
				CLANG_WARN_UNREACHABLE_CODE = YES;
				CLANG_WARN__DUPLICATE_METHOD_MATCH = YES;
				COPY_PHASE_STRIP = NO;
				DEBUG_INFORMATION_FORMAT = dwarf;
				ENABLE_STRICT_OBJC_MSGSEND = YES;
				ENABLE_TESTABILITY = YES;
				GCC_C_LANGUAGE_STANDARD = gnu11;
				GCC_DYNAMIC_NO_PIC = NO;
				GCC_NO_COMMON_BLOCKS = YES;
				GCC_OPTIMIZATION_LEVEL = 0;
				GCC_PREPROCESSOR_DEFINITIONS = (
					"DEBUG=1",
					"$(inherited)",
				);
				GCC_WARN_64_TO_32_BIT_CONVERSION = YES;
				GCC_WARN_ABOUT_RETURN_TYPE = YES_ERROR;
				GCC_WARN_UNDECLARED_SELECTOR = YES;
				GCC_WARN_UNINITIALIZED_AUTOS = YES_AGGRESSIVE;
				GCC_WARN_UNUSED_FUNCTION = YES;
				GCC_WARN_UNUSED_VARIABLE = YES;
				INFOPLIST_FILE = "Recipe Kitchen/Resources/Info.plist";
				IPHONEOS_DEPLOYMENT_TARGET = 13.0;
				MTL_ENABLE_DEBUG_INFO = INCLUDE_SOURCE;
				MTL_FAST_MATH = YES;
				ONLY_ACTIVE_ARCH = YES;
				PRODUCT_BUNDLE_IDENTIFIER = com.tommyalpert.RecipeKitchen;
				PRODUCT_NAME = "Recipe Kitchen";
				SDKROOT = iphoneos;
				SWIFT_ACTIVE_COMPILATION_CONDITIONS = DEBUG;
				SWIFT_OPTIMIZATION_LEVEL = "-Onone";
			};
			name = Debug;
		};
		B590085F24C5DA2500F80B48 /* Release */ = {
			isa = XCBuildConfiguration;
			buildSettings = {
				ALWAYS_SEARCH_USER_PATHS = NO;
				CLANG_ANALYZER_NONNULL = YES;
				CLANG_ANALYZER_NUMBER_OBJECT_CONVERSION = YES_AGGRESSIVE;
				CLANG_CXX_LANGUAGE_STANDARD = "gnu++14";
				CLANG_CXX_LIBRARY = "libc++";
				CLANG_ENABLE_MODULES = YES;
				CLANG_ENABLE_OBJC_ARC = YES;
				CLANG_ENABLE_OBJC_WEAK = YES;
				CLANG_WARN_BLOCK_CAPTURE_AUTORELEASING = YES;
				CLANG_WARN_BOOL_CONVERSION = YES;
				CLANG_WARN_COMMA = YES;
				CLANG_WARN_CONSTANT_CONVERSION = YES;
				CLANG_WARN_DEPRECATED_OBJC_IMPLEMENTATIONS = YES;
				CLANG_WARN_DIRECT_OBJC_ISA_USAGE = YES_ERROR;
				CLANG_WARN_DOCUMENTATION_COMMENTS = YES;
				CLANG_WARN_EMPTY_BODY = YES;
				CLANG_WARN_ENUM_CONVERSION = YES;
				CLANG_WARN_INFINITE_RECURSION = YES;
				CLANG_WARN_INT_CONVERSION = YES;
				CLANG_WARN_NON_LITERAL_NULL_CONVERSION = YES;
				CLANG_WARN_OBJC_IMPLICIT_RETAIN_SELF = YES;
				CLANG_WARN_OBJC_LITERAL_CONVERSION = YES;
				CLANG_WARN_OBJC_ROOT_CLASS = YES_ERROR;
				CLANG_WARN_RANGE_LOOP_ANALYSIS = YES;
				CLANG_WARN_STRICT_PROTOTYPES = YES;
				CLANG_WARN_SUSPICIOUS_MOVE = YES;
				CLANG_WARN_UNGUARDED_AVAILABILITY = YES_AGGRESSIVE;
				CLANG_WARN_UNREACHABLE_CODE = YES;
				CLANG_WARN__DUPLICATE_METHOD_MATCH = YES;
				COPY_PHASE_STRIP = NO;
				DEBUG_INFORMATION_FORMAT = "dwarf-with-dsym";
				ENABLE_NS_ASSERTIONS = NO;
				ENABLE_STRICT_OBJC_MSGSEND = YES;
				GCC_C_LANGUAGE_STANDARD = gnu11;
				GCC_NO_COMMON_BLOCKS = YES;
				GCC_WARN_64_TO_32_BIT_CONVERSION = YES;
				GCC_WARN_ABOUT_RETURN_TYPE = YES_ERROR;
				GCC_WARN_UNDECLARED_SELECTOR = YES;
				GCC_WARN_UNINITIALIZED_AUTOS = YES_AGGRESSIVE;
				GCC_WARN_UNUSED_FUNCTION = YES;
				GCC_WARN_UNUSED_VARIABLE = YES;
				INFOPLIST_FILE = "Recipe Kitchen/Resources/Info.plist";
				IPHONEOS_DEPLOYMENT_TARGET = 13.0;
				MTL_ENABLE_DEBUG_INFO = NO;
				MTL_FAST_MATH = YES;
				PRODUCT_BUNDLE_IDENTIFIER = com.tommyalpert.RecipeKitchen;
				PRODUCT_NAME = "Recipe Kitchen";
				SDKROOT = iphoneos;
				SWIFT_COMPILATION_MODE = wholemodule;
				SWIFT_OPTIMIZATION_LEVEL = "-O";
				VALIDATE_PRODUCT = YES;
			};
			name = Release;
		};
		B590086124C5DA2500F80B48 /* Debug */ = {
			isa = XCBuildConfiguration;
			baseConfigurationReference = 2FB151D383E714D7ED0976BC /* Pods-Recipe Kitchen.debug.xcconfig */;
			buildSettings = {
				ASSETCATALOG_COMPILER_APPICON_NAME = AppIcon;
				CODE_SIGN_IDENTITY = "Apple Development: Thomas Alpert (3X9RFL3WGA)";
				CODE_SIGN_STYLE = Manual;
				DEVELOPMENT_TEAM = 245388U82V;
				INFOPLIST_FILE = "Recipe Kitchen/Resources/Info.plist";
				IPHONEOS_DEPLOYMENT_TARGET = 13.0;
				LD_RUNPATH_SEARCH_PATHS = (
					"$(inherited)",
					"@executable_path/Frameworks",
				);
				PRODUCT_BUNDLE_IDENTIFIER = com.tommyalpert.RecipeKitchen;
				PRODUCT_NAME = "$(TARGET_NAME)";
				PROVISIONING_PROFILE_SPECIFIER = "Recipe Kitchen Dev Profile";
				SWIFT_VERSION = 5.0;
				TARGETED_DEVICE_FAMILY = 1;
			};
			name = Debug;
		};
		B590086224C5DA2500F80B48 /* Release */ = {
			isa = XCBuildConfiguration;
			baseConfigurationReference = 94A89FBF4332CE387298BE8F /* Pods-Recipe Kitchen.release.xcconfig */;
			buildSettings = {
				ASSETCATALOG_COMPILER_APPICON_NAME = AppIcon;
				CODE_SIGN_IDENTITY = "Apple Distribution: Thomas Alpert (245388U82V)";
				"CODE_SIGN_IDENTITY[sdk=*]" = "Apple Distribution: Thomas Alpert (245388U82V)";
				CODE_SIGN_STYLE = Manual;
				DEVELOPMENT_TEAM = 245388U82V;
				INFOPLIST_FILE = "Recipe Kitchen/Resources/Info.plist";
				IPHONEOS_DEPLOYMENT_TARGET = 13.0;
				LD_RUNPATH_SEARCH_PATHS = (
					"$(inherited)",
					"@executable_path/Frameworks",
				);
				PRODUCT_BUNDLE_IDENTIFIER = com.tommyalpert.RecipeKitchen;
				PRODUCT_NAME = "$(TARGET_NAME)";
				PROVISIONING_PROFILE_SPECIFIER = "Recipe Kitchen Distribution Profile";
				SWIFT_VERSION = 5.0;
				TARGETED_DEVICE_FAMILY = 1;
			};
			name = Release;
		};
/* End XCBuildConfiguration section */

/* Begin XCConfigurationList section */
		B590084724C5DA2200F80B48 /* Build configuration list for PBXProject "Recipe Kitchen" */ = {
			isa = XCConfigurationList;
			buildConfigurations = (
				B590085E24C5DA2500F80B48 /* Debug */,
				B590085F24C5DA2500F80B48 /* Release */,
			);
			defaultConfigurationIsVisible = 0;
			defaultConfigurationName = Release;
		};
		B590086024C5DA2500F80B48 /* Build configuration list for PBXNativeTarget "Recipe Kitchen" */ = {
			isa = XCConfigurationList;
			buildConfigurations = (
				B590086124C5DA2500F80B48 /* Debug */,
				B590086224C5DA2500F80B48 /* Release */,
			);
			defaultConfigurationIsVisible = 0;
			defaultConfigurationName = Release;
		};
/* End XCConfigurationList section */

/* Begin XCVersionGroup section */
		B58F95BF24D9F1500006DD14 /* Recipe Kitchen.xcdatamodeld */ = {
			isa = XCVersionGroup;
			children = (
				B58F95C024D9F1500006DD14 /* Cook_For_One.xcdatamodel */,
			);
			currentVersion = B58F95C024D9F1500006DD14 /* Cook_For_One.xcdatamodel */;
			path = "Recipe Kitchen.xcdatamodeld";
			sourceTree = "<group>";
			versionGroupType = wrapper.xcdatamodel;
		};
/* End XCVersionGroup section */
	};
	rootObject = B590084424C5DA2200F80B48 /* Project object */;
}
